
Microsoft Visual Studio Solution File, Format Version 12.00
# Visual Studio 14
VisualStudioVersion = 14.0.23107.0
MinimumVisualStudioVersion = 10.0.40219.1
Project("{FAE04EC0-301F-11D3-BF4B-00C04F79EFBC}") = "MunApp.WPF", "MunApp.WPF\MunApp.WPF.csproj", "{3C45DA91-B7B6-427D-A8CF-85DD95907D4B}"
EndProject
Project("{FAE04EC0-301F-11D3-BF4B-00C04F79EFBC}") = "MunApp.Common", "MunApp.Data\MunApp.Common.csproj", "{6C074E5F-9B52-43E4-8C5E-DD682D271181}"
EndProject
Project("{FAE04EC0-301F-11D3-BF4B-00C04F79EFBC}") = "MunApp.Win32", "MunApp.Win32\MunApp.Win32.csproj", "{CFEFF4EC-47B1-42BA-A2EC-FC835C8FB228}"
EndProject
Global
	GlobalSection(SolutionConfigurationPlatforms) = preSolution
		Debug|Any CPU = Debug|Any CPU
		Release|Any CPU = Release|Any CPU
	EndGlobalSection
	GlobalSection(ProjectConfigurationPlatforms) = postSolution
		{3C45DA91-B7B6-427D-A8CF-85DD95907D4B}.Debug|Any CPU.ActiveCfg = Debug|Any CPU
		{3C45DA91-B7B6-427D-A8CF-85DD95907D4B}.Debug|Any CPU.Build.0 = Debug|Any CPU
		{3C45DA91-B7B6-427D-A8CF-85DD95907D4B}.Release|Any CPU.ActiveCfg = Release|Any CPU
		{3C45DA91-B7B6-427D-A8CF-85DD95907D4B}.Release|Any CPU.Build.0 = Release|Any CPU
		{6C074E5F-9B52-43E4-8C5E-DD682D271181}.Debug|Any CPU.ActiveCfg = Debug|Any CPU
		{6C074E5F-9B52-43E4-8C5E-DD682D271181}.Debug|Any CPU.Build.0 = Debug|Any CPU
		{6C074E5F-9B52-43E4-8C5E-DD682D271181}.Release|Any CPU.ActiveCfg = Release|Any CPU
		{6C074E5F-9B52-43E4-8C5E-DD682D271181}.Release|Any CPU.Build.0 = Release|Any CPU
		{CFEFF4EC-47B1-42BA-A2EC-FC835C8FB228}.Debug|Any CPU.ActiveCfg = Debug|Any CPU
		{CFEFF4EC-47B1-42BA-A2EC-FC835C8FB228}.Debug|Any CPU.Build.0 = Debug|Any CPU
		{CFEFF4EC-47B1-42BA-A2EC-FC835C8FB228}.Release|Any CPU.ActiveCfg = Release|Any CPU
		{CFEFF4EC-47B1-42BA-A2EC-FC835C8FB228}.Release|Any CPU.Build.0 = Release|Any CPU
	EndGlobalSection
	GlobalSection(SolutionProperties) = preSolution
		HideSolutionNode = FALSE
	EndGlobalSection
EndGlobal
